
Microsoft Visual Studio Solution File, Format Version 12.00
# Visual Studio Version 17
VisualStudioVersion = 17.3.32811.315
MinimumVisualStudioVersion = 10.0.40219.1
Project("{FAE04EC0-301F-11D3-BF4B-00C04F79EFBC}") = "ProcedureEx", "ProcedureEx\ProcedureEx.csproj", "{A93443BF-4544-4200-9634-ED58E9E816CE}"
EndProject
Global
	GlobalSection(SolutionConfigurationPlatforms) = preSolution
		Debug|Any CPU = Debug|Any CPU
		Release|Any CPU = Release|Any CPU
	EndGlobalSection
	GlobalSection(ProjectConfigurationPlatforms) = postSolution
		{A93443BF-4544-4200-9634-ED58E9E816CE}.Debug|Any CPU.ActiveCfg = Debug|Any CPU
		{A93443BF-4544-4200-9634-ED58E9E816CE}.Debug|Any CPU.Build.0 = Debug|Any CPU
		{A93443BF-4544-4200-9634-ED58E9E816CE}.Release|Any CPU.ActiveCfg = Release|Any CPU
		{A93443BF-4544-4200-9634-ED58E9E816CE}.Release|Any CPU.Build.0 = Release|Any CPU
	EndGlobalSection
	GlobalSection(SolutionProperties) = preSolution
		HideSolutionNode = FALSE
	EndGlobalSection
	GlobalSection(ExtensibilityGlobals) = postSolution
		SolutionGuid = {6AF54767-0B27-496B-8596-468811A8147D}
	EndGlobalSection
EndGlobal
